# THIS IS AN AUTOGENERATED FILE. DO NOT EDIT THIS FILE DIRECTLY.
# yarn lockfile v1


"@types/stats.js@*":
  version "0.17.4"
  resolved "https://registry.yarnpkg.com/@types/stats.js/-/stats.js-0.17.4.tgz#1933e5ff153a23c7664487833198d685c22e791e"
  integrity sha512-jIBvWWShCvlBqBNIZt0KAshWpvSjhkwkEu4ZUcASoAvhmrgAUI2t1dXrjSL4xXVLB4FznPrIsX3nKXFl/Dt4vA==

"@types/three@^0.160.0":
  version "0.160.0"
  resolved "https://registry.yarnpkg.com/@types/three/-/three-0.160.0.tgz#7915a97e0a14ccaa9ccbb9f190c5730b04a23075"
  integrity sha512-jWlbUBovicUKaOYxzgkLlhkiEQJkhCVvg4W2IYD2trqD2om3VK4DGLpHH5zQHNr7RweZK/5re/4IVhbhvxbV9w==
  dependencies:
    "@types/stats.js" "*"
    "@types/webxr" "*"
    fflate "~0.6.10"
    meshoptimizer "~0.18.1"

"@types/webxr@*":
  version "0.5.24"
  resolved "https://registry.yarnpkg.com/@types/webxr/-/webxr-0.5.24.tgz#734d5d90dadc5809a53e422726c60337fa2f4a44"
  integrity sha512-h8fgEd/DpoS9CBrjEQXR+dIDraopAEfu4wYVNY2tEPwk60stPWhvZMf4Foo5FakuQ7HFZoa8WceaWFervK2Ovg==

fflate@~0.6.10:
  version "0.6.10"
  resolved "https://registry.yarnpkg.com/fflate/-/fflate-0.6.10.tgz#5f40f9659205936a2d18abf88b2e7781662b6d43"
  integrity sha512-IQrh3lEPM93wVCEczc9SaAOvkmcoQn/G8Bo1e8ZPlY3X3bnAxWaBdvTdvM1hP62iZp0BXWDy4vTAy4fF0+Dlpg==

meshoptimizer@~0.18.1:
  version "0.18.1"
  resolved "https://registry.yarnpkg.com/meshoptimizer/-/meshoptimizer-0.18.1.tgz#cdb90907f30a7b5b1190facd3b7ee6b7087797d8"
  integrity sha512-ZhoIoL7TNV4s5B6+rx5mC//fw8/POGyNxS/DZyCJeiZ12ScLfVwRE/GfsxwiTkMYYD5DmK2/JXnEVXqL4rF+Sw==

three@^0.160.0:
  version "0.160.1"
  resolved "https://registry.yarnpkg.com/three/-/three-0.160.1.tgz#61fe2907312e8604b1f64187f58e047503847413"
  integrity sha512-Bgl2wPJypDOZ1stAxwfWAcJ0WQf7QzlptsxkjYiURPz+n5k4RBDLsq+6f9Y75TYxn6aHLcWz+JNmwTOXWrQTBQ==

typescript@^5.0.0:
  version "5.9.3"
  resolved "https://registry.yarnpkg.com/typescript/-/typescript-5.9.3.tgz#5b4f59e15310ab17a216f5d6cf53ee476ede670f"
  integrity sha512-jl1vZzPDinLr9eUt3J/t7V6FgNEw9QjvBPdysz9KfQDD41fQrC2Y4vKQdiaUpFT4bXlb1RHhLpp8wtm6M5TgSw==
